
Microsoft Visual Studio Solution File, Format Version 12.00
# Visual Studio Version 16
VisualStudioVersion = 16.0.29519.181
MinimumVisualStudioVersion = 10.0.40219.1
Project("{9A19103F-16F7-4668-BE54-9A1E7A4F7556}") = "NullableReferenceTypes.Edu", "NullableReferenceTypes.Edu.csproj", "{382A6D36-5A72-4F6E-BF7C-D8653A1F2B66}"
EndProject
Global
	GlobalSection(SolutionConfigurationPlatforms) = preSolution
		Debug|Any CPU = Debug|Any CPU
		Release|Any CPU = Release|Any CPU
	EndGlobalSection
	GlobalSection(ProjectConfigurationPlatforms) = postSolution
		{382A6D36-5A72-4F6E-BF7C-D8653A1F2B66}.Debug|Any CPU.ActiveCfg = Debug|Any CPU
		{382A6D36-5A72-4F6E-BF7C-D8653A1F2B66}.Debug|Any CPU.Build.0 = Debug|Any CPU
		{382A6D36-5A72-4F6E-BF7C-D8653A1F2B66}.Release|Any CPU.ActiveCfg = Release|Any CPU
		{382A6D36-5A72-4F6E-BF7C-D8653A1F2B66}.Release|Any CPU.Build.0 = Release|Any CPU
	EndGlobalSection
	GlobalSection(SolutionProperties) = preSolution
		HideSolutionNode = FALSE
	EndGlobalSection
	GlobalSection(ExtensibilityGlobals) = postSolution
		SolutionGuid = {A9F14861-F93F-479C-9AB2-9A4AB19B7DD4}
	EndGlobalSection
EndGlobal
